
Microsoft Visual Studio Solution File, Format Version 12.00
# Visual Studio Version 16
VisualStudioVersion = 16.0.31321.278
MinimumVisualStudioVersion = 10.0.40219.1
Project("{FAE04EC0-301F-11D3-BF4B-00C04F79EFBC}") = "EvaluacionFinalGaete2", "EvaluacionFinalGaete2\EvaluacionFinalGaete2.csproj", "{9B67E939-005B-4A3A-B20D-4A7AE8D308B4}"
EndProject
Project("{FAE04EC0-301F-11D3-BF4B-00C04F79EFBC}") = "EventosModel", "EventosModel\EventosModel.csproj", "{F9A7992B-0A27-4FAE-995B-6CA2A99788E7}"
EndProject
Global
	GlobalSection(SolutionConfigurationPlatforms) = preSolution
		Debug|Any CPU = Debug|Any CPU
		Release|Any CPU = Release|Any CPU
	EndGlobalSection
	GlobalSection(ProjectConfigurationPlatforms) = postSolution
		{9B67E939-005B-4A3A-B20D-4A7AE8D308B4}.Debug|Any CPU.ActiveCfg = Debug|Any CPU
		{9B67E939-005B-4A3A-B20D-4A7AE8D308B4}.Debug|Any CPU.Build.0 = Debug|Any CPU
		{9B67E939-005B-4A3A-B20D-4A7AE8D308B4}.Release|Any CPU.ActiveCfg = Release|Any CPU
		{9B67E939-005B-4A3A-B20D-4A7AE8D308B4}.Release|Any CPU.Build.0 = Release|Any CPU
		{F9A7992B-0A27-4FAE-995B-6CA2A99788E7}.Debug|Any CPU.ActiveCfg = Debug|Any CPU
		{F9A7992B-0A27-4FAE-995B-6CA2A99788E7}.Debug|Any CPU.Build.0 = Debug|Any CPU
		{F9A7992B-0A27-4FAE-995B-6CA2A99788E7}.Release|Any CPU.ActiveCfg = Release|Any CPU
		{F9A7992B-0A27-4FAE-995B-6CA2A99788E7}.Release|Any CPU.Build.0 = Release|Any CPU
	EndGlobalSection
	GlobalSection(SolutionProperties) = preSolution
		HideSolutionNode = FALSE
	EndGlobalSection
	GlobalSection(ExtensibilityGlobals) = postSolution
		SolutionGuid = {B9DEF681-E98C-484C-A313-957D2B112F5F}
	EndGlobalSection
EndGlobal
